
Microsoft Visual Studio Solution File, Format Version 12.00
# Visual Studio Version 16
VisualStudioVersion = 16.0.30114.105
MinimumVisualStudioVersion = 10.0.40219.1
Project("{9A19103F-16F7-4668-BE54-9A1E7A4F7556}") = "TheExpanseRPG.CharacterSheet.Server", "TheExpanseRPG.CharacterSheet\Server\TheExpanseRPG.CharacterSheet.Server.csproj", "{189CE003-CE7D-44C6-95D3-58B24A112630}"
EndProject
Project("{9A19103F-16F7-4668-BE54-9A1E7A4F7556}") = "TheExpanseRPG.CharacterSheet.Client", "TheExpanseRPG.CharacterSheet\Client\TheExpanseRPG.CharacterSheet.Client.csproj", "{D2A5B9FD-B362-448E-AF81-E1F8EC1D2A34}"
EndProject
Project("{9A19103F-16F7-4668-BE54-9A1E7A4F7556}") = "TheExpanseRPG.CharacterSheet.Domain", "TheExpanseRPG.CharacterSheet\Shared\TheExpanseRPG.CharacterSheet.Domain.csproj", "{0FECD932-B2B8-41A6-8CCD-7BD5FFB4E039}"
EndProject
Project("{2150E333-8FDC-42A3-9474-1A3956D46DE8}") = "Solution Items", "Solution Items", "{7E40AC72-5328-40FF-8ABE-4959FFC7E437}"
	ProjectSection(SolutionItems) = preProject
		.editorconfig = .editorconfig
	EndProjectSection
EndProject
Global
	GlobalSection(SolutionConfigurationPlatforms) = preSolution
		Debug|Any CPU = Debug|Any CPU
		Release|Any CPU = Release|Any CPU
	EndGlobalSection
	GlobalSection(ProjectConfigurationPlatforms) = postSolution
		{189CE003-CE7D-44C6-95D3-58B24A112630}.Debug|Any CPU.ActiveCfg = Debug|Any CPU
		{189CE003-CE7D-44C6-95D3-58B24A112630}.Debug|Any CPU.Build.0 = Debug|Any CPU
		{189CE003-CE7D-44C6-95D3-58B24A112630}.Release|Any CPU.ActiveCfg = Release|Any CPU
		{189CE003-CE7D-44C6-95D3-58B24A112630}.Release|Any CPU.Build.0 = Release|Any CPU
		{D2A5B9FD-B362-448E-AF81-E1F8EC1D2A34}.Debug|Any CPU.ActiveCfg = Debug|Any CPU
		{D2A5B9FD-B362-448E-AF81-E1F8EC1D2A34}.Debug|Any CPU.Build.0 = Debug|Any CPU
		{D2A5B9FD-B362-448E-AF81-E1F8EC1D2A34}.Release|Any CPU.ActiveCfg = Release|Any CPU
		{D2A5B9FD-B362-448E-AF81-E1F8EC1D2A34}.Release|Any CPU.Build.0 = Release|Any CPU
		{0FECD932-B2B8-41A6-8CCD-7BD5FFB4E039}.Debug|Any CPU.ActiveCfg = Debug|Any CPU
		{0FECD932-B2B8-41A6-8CCD-7BD5FFB4E039}.Debug|Any CPU.Build.0 = Debug|Any CPU
		{0FECD932-B2B8-41A6-8CCD-7BD5FFB4E039}.Release|Any CPU.ActiveCfg = Release|Any CPU
		{0FECD932-B2B8-41A6-8CCD-7BD5FFB4E039}.Release|Any CPU.Build.0 = Release|Any CPU
	EndGlobalSection
	GlobalSection(SolutionProperties) = preSolution
		HideSolutionNode = FALSE
	EndGlobalSection
	GlobalSection(ExtensibilityGlobals) = postSolution
		SolutionGuid = {F2CABD9B-6DD6-4C38-AF92-D269A2523715}
	EndGlobalSection
EndGlobal
